# This file is automatically @generated by Cargo.
# It is not intended for manual editing.
version = 3

[[package]]
name = "adler"
version = "1.0.2"
source = "registry+https://github.com/rust-lang/crates.io-index"
checksum = "f26201604c87b1e01bd3d98f8d5d9a8fcbb815e8cedb41ffccbeb4bf593a35fe"

[[package]]
name = "aho-corasick"
version = "0.7.18"
source = "registry+https://github.com/rust-lang/crates.io-index"
checksum = "1e37cfd5e7657ada45f742d6e99ca5788580b5c529dc78faf11ece6dc702656f"
dependencies = [
 "memchr",
]

[[package]]
name = "arrayvec"
version = "0.5.2"
source = "registry+https://github.com/rust-lang/crates.io-index"
checksum = "23b62fc65de8e4e7f52534fb52b0f3ed04746ae267519eef2a83941e8085068b"

[[package]]
name = "autocfg"
version = "1.1.0"
source = "registry+https://github.com/rust-lang/crates.io-index"
checksum = "d468802bab17cbc0cc575e9b053f41e72aa36bfa6b7f55e3529ffa43161b97fa"

[[package]]
name = "base64"
version = "0.13.0"
source = "registry+https://github.com/rust-lang/crates.io-index"
checksum = "904dfeac50f3cdaba28fc6f57fdcddb75f49ed61346676a78c4ffe55877802fd"

[[package]]
name = "bincode"
version = "1.3.3"
source = "registry+https://github.com/rust-lang/crates.io-index"
checksum = "b1f45e9417d87227c7a56d22e471c6206462cba514c7590c09aff4cf6d1ddcad"
dependencies = [
 "serde",
]

[[package]]
name = "bit-set"
version = "0.5.3"
source = "registry+https://github.com/rust-lang/crates.io-index"
checksum = "0700ddab506f33b20a03b13996eccd309a48e5ff77d0d95926aa0210fb4e95f1"
dependencies = [
 "bit-vec",
]

[[package]]
name = "bit-vec"
version = "0.6.3"
source = "registry+https://github.com/rust-lang/crates.io-index"
checksum = "349f9b6a179ed607305526ca489b34ad0a41aed5f7980fa90eb03160b69598fb"

[[package]]
name = "bitflags"
version = "1.3.2"
source = "registry+https://github.com/rust-lang/crates.io-index"
checksum = "bef38d45163c2f1dde094a7dfd33ccf595c92905c8f8f4fdc18d06fb1037718a"

[[package]]
name = "block-buffer"
version = "0.10.2"
source = "registry+https://github.com/rust-lang/crates.io-index"
checksum = "0bf7fe51849ea569fd452f37822f606a5cabb684dc918707a0193fd4664ff324"
dependencies = [
 "generic-array",
]

[[package]]
name = "cc"
version = "1.0.79"
source = "registry+https://github.com/rust-lang/crates.io-index"
checksum = "50d30906286121d95be3d479533b458f87493b30a4b5f79a607db8f5d11aa91f"

[[package]]
name = "cfg-if"
version = "1.0.0"
source = "registry+https://github.com/rust-lang/crates.io-index"
checksum = "baf1de4339761588bc0619e3cbc0120ee582ebb74b53b4efbf79117bd2da40fd"

[[package]]
name = "colored"
version = "2.0.0"
source = "git+https://github.com/amitu/colored?rev=6eb9cc5#6eb9cc5a9b2908a111213e396688b4db66d15401"
dependencies = [
 "lazy_static 1.4.0",
 "winapi 0.3.9",
]

[[package]]
name = "comrak"
version = "0.18.0"
source = "registry+https://github.com/rust-lang/crates.io-index"
checksum = "482aa5695bca086022be453c700a40c02893f1ba7098a2c88351de55341ae894"
dependencies = [
 "entities",
 "memchr",
 "once_cell",
 "regex",
 "slug",
 "typed-arena",
 "unicode_categories",
]

[[package]]
name = "copy_dir"
version = "0.1.2"
source = "registry+https://github.com/rust-lang/crates.io-index"
checksum = "6e4281031634644843bd2f5aa9c48cf98fc48d6b083bd90bb11becf10deaf8b0"
dependencies = [
 "walkdir 0.1.8",
]

[[package]]
name = "cpufeatures"
version = "0.2.3"
source = "registry+https://github.com/rust-lang/crates.io-index"
checksum = "1079fb8528d9f9c888b1e8aa651e6e079ade467323d58f75faf1d30b1808f540"
dependencies = [
 "libc",
]

[[package]]
name = "crc32fast"
version = "1.3.2"
source = "registry+https://github.com/rust-lang/crates.io-index"
checksum = "b540bd8bc810d3885c6ea91e2018302f68baba2129ab3e88f32389ee9370880d"
dependencies = [
 "cfg-if",
]

[[package]]
name = "crypto-common"
version = "0.1.6"
source = "registry+https://github.com/rust-lang/crates.io-index"
checksum = "1bfb12502f3fc46cca1bb51ac28df9d618d813cdc3d2f25b9fe775a34af26bb3"
dependencies = [
 "generic-array",
 "typenum",
]

[[package]]
name = "css-color-parser"
version = "0.1.2"
source = "registry+https://github.com/rust-lang/crates.io-index"
checksum = "9ccb6ce7ef97e6dc6e575e51b596c9889a5cc88a307b5ef177d215c61fd7581d"
dependencies = [
 "lazy_static 0.1.16",
]

[[package]]
name = "darling"
version = "0.14.4"
source = "registry+https://github.com/rust-lang/crates.io-index"
checksum = "7b750cb3417fd1b327431a470f388520309479ab0bf5e323505daf0290cd3850"
dependencies = [
 "darling_core",
 "darling_macro",
]

[[package]]
name = "darling_core"
version = "0.14.4"
source = "registry+https://github.com/rust-lang/crates.io-index"
checksum = "109c1ca6e6b7f82cc233a97004ea8ed7ca123a9af07a8230878fcfda9b158bf0"
dependencies = [
 "fnv",
 "ident_case",
 "proc-macro2",
 "quote",
 "strsim",
 "syn",
]

[[package]]
name = "darling_macro"
version = "0.14.4"
source = "registry+https://github.com/rust-lang/crates.io-index"
checksum = "a4aab4dbc9f7611d8b55048a3a16d2d010c2c8334e46304b40ac1cc14bf3b48e"
dependencies = [
 "darling_core",
 "quote",
 "syn",
]

[[package]]
name = "deunicode"
version = "0.4.3"
source = "registry+https://github.com/rust-lang/crates.io-index"
checksum = "850878694b7933ca4c9569d30a34b55031b9b139ee1fc7b94a527c4ef960d690"

[[package]]
name = "diffy"
version = "0.3.0"
source = "registry+https://github.com/rust-lang/crates.io-index"
checksum = "e616e59155c92257e84970156f506287853355f58cd4a6eb167385722c32b790"
dependencies = [
 "nu-ansi-term",
]

[[package]]
name = "digest"
version = "0.10.5"
source = "registry+https://github.com/rust-lang/crates.io-index"
checksum = "adfbc57365a37acbd2ebf2b64d7e69bb766e2fea813521ed536f5d0520dcf86c"
dependencies = [
 "block-buffer",
 "crypto-common",
]

[[package]]
name = "either"
version = "1.8.0"
source = "registry+https://github.com/rust-lang/crates.io-index"
checksum = "90e5c1c8368803113bf0c9584fc495a58b86dc8a29edbf8fe877d21d9507e797"

[[package]]
name = "entities"
version = "1.0.1"
source = "registry+https://github.com/rust-lang/crates.io-index"
checksum = "b5320ae4c3782150d900b79807611a59a99fc9a1d61d686faafc24b93fc8d7ca"

[[package]]
name = "equivalent"
version = "1.0.0"
source = "registry+https://github.com/rust-lang/crates.io-index"
checksum = "88bffebc5d80432c9b140ee17875ff173a8ab62faad5b257da912bd2f6c1c0a1"

[[package]]
name = "fancy-regex"
version = "0.7.1"
source = "registry+https://github.com/rust-lang/crates.io-index"
checksum = "9d6b8560a05112eb52f04b00e5d3790c0dd75d9d980eb8a122fb23b92a623ccf"
dependencies = [
 "bit-set",
 "regex",
]

[[package]]
name = "fastn-grammar"
version = "0.1.0"
source = "git+https://github.com/fastn-stack/fastn/?rev=168ca45ae6c52fcc9921544cd92429e887459379#168ca45ae6c52fcc9921544cd92429e887459379"
dependencies = [
 "serde",
 "serde_json",
]

[[package]]
name = "fastn-js"
version = "0.1.0"
source = "git+https://github.com/fastn-stack/fastn/?rev=168ca45ae6c52fcc9921544cd92429e887459379#168ca45ae6c52fcc9921544cd92429e887459379"
dependencies = [
 "fastn-grammar",
 "indoc",
 "itertools",
 "pretty",
 "quick-js",
 "rquickjs",
]

[[package]]
name = "fbt"
version = "0.1.18"
dependencies = [
 "fbt-lib",
]

[[package]]
name = "fbt-lib"
version = "0.1.18"
dependencies = [
 "colored",
 "diffy",
 "ftd",
 "rand",
 "sha2",
 "walkdir 2.3.3",
]

[[package]]
name = "flate2"
version = "1.0.24"
source = "registry+https://github.com/rust-lang/crates.io-index"
checksum = "f82b0f4c27ad9f8bfd1f3208d882da2b09c301bc1c828fd3a00d0216d2fbbff6"
dependencies = [
 "crc32fast",
 "miniz_oxide",
]

[[package]]
name = "fnv"
version = "1.0.7"
source = "registry+https://github.com/rust-lang/crates.io-index"
checksum = "3f9eec918d3f24069decb9af1554cad7c880e2da24a9afd88aca000531ab82c1"

[[package]]
name = "format_num"
version = "0.1.0"
source = "registry+https://github.com/rust-lang/crates.io-index"
checksum = "14ac05eb8d2eb4ed1eeff847911deae077b0b53332465de9d6a26b0ea9961bc8"
dependencies = [
 "regex",
]

[[package]]
name = "ftd"
version = "0.3.0"
source = "git+https://github.com/fastn-stack/fastn/?rev=168ca45ae6c52fcc9921544cd92429e887459379#168ca45ae6c52fcc9921544cd92429e887459379"
dependencies = [
 "comrak",
 "css-color-parser",
 "fastn-grammar",
 "fastn-js",
 "format_num",
 "include_dir",
 "indoc",
 "itertools",
 "once_cell",
 "prettify-js",
 "regex",
 "serde",
 "serde_json",
 "slug",
 "syntect",
 "thiserror",
 "tracing",
]

[[package]]
name = "generic-array"
version = "0.14.6"
source = "registry+https://github.com/rust-lang/crates.io-index"
checksum = "bff49e947297f3312447abdca79f45f4738097cc82b06e72054d2223f601f1b9"
dependencies = [
 "typenum",
 "version_check",
]

[[package]]
name = "getrandom"
version = "0.2.7"
source = "registry+https://github.com/rust-lang/crates.io-index"
checksum = "4eb1a864a501629691edf6c15a593b7a51eebaa1e8468e9ddc623de7c9b58ec6"
dependencies = [
 "cfg-if",
 "libc",
 "wasi",
]

[[package]]
name = "hashbrown"
version = "0.12.3"
source = "registry+https://github.com/rust-lang/crates.io-index"
checksum = "8a9ee70c43aaf417c914396645a0fa852624801b24ebb7ae78fe8272889ac888"

[[package]]
name = "hashbrown"
version = "0.14.0"
source = "registry+https://github.com/rust-lang/crates.io-index"
checksum = "2c6201b9ff9fd90a5a3bac2e56a830d0caa509576f0e503818ee82c181b3437a"

[[package]]
name = "ident_case"
version = "1.0.1"
source = "registry+https://github.com/rust-lang/crates.io-index"
checksum = "b9e0384b61958566e926dc50660321d12159025e767c18e043daf26b70104c39"

[[package]]
name = "include_dir"
version = "0.7.2"
source = "registry+https://github.com/rust-lang/crates.io-index"
checksum = "482a2e29200b7eed25d7fdbd14423326760b7f6658d21a4cf12d55a50713c69f"
dependencies = [
 "include_dir_macros",
]

[[package]]
name = "include_dir_macros"
version = "0.7.2"
source = "registry+https://github.com/rust-lang/crates.io-index"
checksum = "5e074c19deab2501407c91ba1860fa3d6820bfde307db6d8cb851b55a10be89b"
dependencies = [
 "proc-macro2",
 "quote",
]

[[package]]
name = "indexmap"
version = "1.9.1"
source = "registry+https://github.com/rust-lang/crates.io-index"
checksum = "10a35a97730320ffe8e2d410b5d3b69279b98d2c14bdb8b70ea89ecf7888d41e"
dependencies = [
 "autocfg",
 "hashbrown 0.12.3",
]

[[package]]
name = "indexmap"
version = "2.0.0"
source = "registry+https://github.com/rust-lang/crates.io-index"
checksum = "d5477fe2230a79769d8dc68e0eabf5437907c0457a5614a9e8dddb67f65eb65d"
dependencies = [
 "equivalent",
 "hashbrown 0.14.0",
]

[[package]]
name = "indoc"
version = "2.0.1"
source = "registry+https://github.com/rust-lang/crates.io-index"
checksum = "9f2cb48b81b1dc9f39676bf99f5499babfec7cd8fe14307f7b3d747208fb5690"

[[package]]
name = "itertools"
version = "0.10.3"
source = "registry+https://github.com/rust-lang/crates.io-index"
checksum = "a9a9d19fa1e79b6215ff29b9d6880b706147f16e9b1dbb1e4e5947b5b02bc5e3"
dependencies = [
 "either",
]

[[package]]
name = "itoa"
version = "1.0.3"
source = "registry+https://github.com/rust-lang/crates.io-index"
checksum = "6c8af84674fe1f223a982c933a0ee1086ac4d4052aa0fb8060c12c6ad838e754"

[[package]]
name = "kernel32-sys"
version = "0.2.2"
source = "registry+https://github.com/rust-lang/crates.io-index"
checksum = "7507624b29483431c0ba2d82aece8ca6cdba9382bff4ddd0f7490560c056098d"
dependencies = [
 "winapi 0.2.8",
 "winapi-build",
]

[[package]]
name = "lazy_static"
version = "0.1.16"
source = "registry+https://github.com/rust-lang/crates.io-index"
checksum = "cf186d1a8aa5f5bee5fd662bc9c1b949e0259e1bcc379d1f006847b0080c7417"

[[package]]
name = "lazy_static"
version = "1.4.0"
source = "registry+https://github.com/rust-lang/crates.io-index"
checksum = "e2abad23fbc42b3700f2f279844dc832adb2b2eb069b2df918f455c4e18cc646"

[[package]]
name = "libc"
version = "0.2.132"
source = "registry+https://github.com/rust-lang/crates.io-index"
checksum = "8371e4e5341c3a96db127eb2465ac681ced4c433e01dd0e938adbef26ba93ba5"

[[package]]
name = "libquickjs-sys"
version = "0.9.0"
source = "registry+https://github.com/rust-lang/crates.io-index"
checksum = "3f0b24e9bd171b75ae0295bd428fb8fe58410fb23156e5f34a4657a70c3cee96"
dependencies = [
 "cc",
 "copy_dir",
]

[[package]]
name = "line-wrap"
version = "0.1.1"
source = "registry+https://github.com/rust-lang/crates.io-index"
checksum = "f30344350a2a51da54c1d53be93fade8a237e545dbcc4bdbe635413f2117cab9"
dependencies = [
 "safemem",
]

[[package]]
name = "linked-hash-map"
version = "0.5.6"
source = "registry+https://github.com/rust-lang/crates.io-index"
checksum = "0717cef1bc8b636c6e1c1bbdefc09e6322da8a9321966e8928ef80d20f7f770f"

[[package]]
name = "log"
version = "0.4.19"
source = "registry+https://github.com/rust-lang/crates.io-index"
checksum = "b06a4cde4c0f271a446782e3eff8de789548ce57dbc8eca9292c27f4a42004b4"

[[package]]
name = "memchr"
version = "2.5.0"
source = "registry+https://github.com/rust-lang/crates.io-index"
checksum = "2dffe52ecf27772e601905b7522cb4ef790d2cc203488bbd0e2fe85fcb74566d"

[[package]]
name = "miniz_oxide"
version = "0.5.3"
source = "registry+https://github.com/rust-lang/crates.io-index"
checksum = "6f5c75688da582b8ffc1f1799e9db273f32133c49e048f614d22ec3256773ccc"
dependencies = [
 "adler",
]

[[package]]
name = "nu-ansi-term"
version = "0.46.0"
source = "registry+https://github.com/rust-lang/crates.io-index"
checksum = "77a8165726e8236064dbb45459242600304b42a5ea24ee2948e18e023bf7ba84"
dependencies = [
 "overload",
 "winapi 0.3.9",
]

[[package]]
name = "num_threads"
version = "0.1.6"
source = "registry+https://github.com/rust-lang/crates.io-index"
checksum = "2819ce041d2ee131036f4fc9d6ae7ae125a3a40e97ba64d04fe799ad9dabbb44"
dependencies = [
 "libc",
]

[[package]]
name = "once_cell"
version = "1.13.1"
source = "registry+https://github.com/rust-lang/crates.io-index"
checksum = "074864da206b4973b84eb91683020dbefd6a8c3f0f38e054d93954e891935e4e"

[[package]]
name = "overload"
version = "0.1.1"
source = "registry+https://github.com/rust-lang/crates.io-index"
checksum = "b15813163c1d831bf4a13c3610c05c0d03b39feb07f7e09fa234dac9b15aaf39"

[[package]]
name = "pin-project-lite"
version = "0.2.10"
source = "registry+https://github.com/rust-lang/crates.io-index"
checksum = "4c40d25201921e5ff0c862a505c6557ea88568a4e3ace775ab55e93f2f4f9d57"

[[package]]
name = "plist"
version = "1.3.1"
source = "registry+https://github.com/rust-lang/crates.io-index"
checksum = "bd39bc6cdc9355ad1dc5eeedefee696bb35c34caf21768741e81826c0bbd7225"
dependencies = [
 "base64",
 "indexmap 1.9.1",
 "line-wrap",
 "serde",
 "time",
 "xml-rs",
]

[[package]]
name = "ppv-lite86"
version = "0.2.16"
source = "registry+https://github.com/rust-lang/crates.io-index"
checksum = "eb9f9e6e233e5c4a35559a617bf40a4ec447db2e84c20b55a6f83167b7e57872"

[[package]]
name = "prettify-js"
version = "0.1.0"
source = "registry+https://github.com/rust-lang/crates.io-index"
checksum = "c7ff18ec712649921186715eeee7d880c3c5fb41c86a5a3524057da346e27771"
dependencies = [
 "log",
 "ress",
 "serde",
 "serde_json",
]

[[package]]
name = "pretty"
version = "0.12.1"
source = "registry+https://github.com/rust-lang/crates.io-index"
checksum = "563c9d701c3a31dfffaaf9ce23507ba09cbe0b9125ba176d15e629b0235e9acc"
dependencies = [
 "arrayvec",
 "typed-arena",
 "unicode-segmentation",
]

[[package]]
name = "proc-macro-crate"
version = "1.3.1"
source = "registry+https://github.com/rust-lang/crates.io-index"
checksum = "7f4c021e1093a56626774e81216a4ce732a735e5bad4868a03f3ed65ca0c3919"
dependencies = [
 "once_cell",
 "toml_edit",
]

[[package]]
name = "proc-macro-error"
version = "1.0.4"
source = "registry+https://github.com/rust-lang/crates.io-index"
checksum = "da25490ff9892aab3fcf7c36f08cfb902dd3e71ca0f9f9517bea02a73a5ce38c"
dependencies = [
 "proc-macro-error-attr",
 "proc-macro2",
 "quote",
 "syn",
 "version_check",
]

[[package]]
name = "proc-macro-error-attr"
version = "1.0.4"
source = "registry+https://github.com/rust-lang/crates.io-index"
checksum = "a1be40180e52ecc98ad80b184934baf3d0d29f979574e439af5a55274b35f869"
dependencies = [
 "proc-macro2",
 "quote",
 "version_check",
]

[[package]]
name = "proc-macro2"
version = "1.0.43"
source = "registry+https://github.com/rust-lang/crates.io-index"
checksum = "0a2ca2c61bc9f3d74d2886294ab7b9853abd9c1ad903a3ac7815c58989bb7bab"
dependencies = [
 "unicode-ident",
]

[[package]]
name = "quick-js"
version = "0.4.1"
source = "registry+https://github.com/rust-lang/crates.io-index"
checksum = "19cb4cefcb00f4ab9b332664d06005a74f582ac16aa959c6ad5912957bd83e5f"
dependencies = [
 "libquickjs-sys",
 "once_cell",
]

[[package]]
name = "quote"
version = "1.0.21"
source = "registry+https://github.com/rust-lang/crates.io-index"
checksum = "bbe448f377a7d6961e30f5955f9b8d106c3f5e449d493ee1b125c1d43c2b5179"
dependencies = [
 "proc-macro2",
]

[[package]]
name = "rand"
version = "0.8.5"
source = "registry+https://github.com/rust-lang/crates.io-index"
checksum = "34af8d1a0e25924bc5b7c43c079c942339d8f0a8b57c39049bef581b46327404"
dependencies = [
 "libc",
 "rand_chacha",
 "rand_core",
]

[[package]]
name = "rand_chacha"
version = "0.3.1"
source = "registry+https://github.com/rust-lang/crates.io-index"
checksum = "e6c10a63a0fa32252be49d21e7709d4d4baf8d231c2dbce1eaa8141b9b127d88"
dependencies = [
 "ppv-lite86",
 "rand_core",
]

[[package]]
name = "rand_core"
version = "0.6.3"
source = "registry+https://github.com/rust-lang/crates.io-index"
checksum = "d34f1408f55294453790c48b2f1ebbb1c5b4b7563eb1f418bcfcfdbb06ebb4e7"
dependencies = [
 "getrandom",
]

[[package]]
name = "regex"
version = "1.6.0"
source = "registry+https://github.com/rust-lang/crates.io-index"
checksum = "4c4eb3267174b8c6c2f654116623910a0fef09c4753f8dd83db29c48a0df988b"
dependencies = [
 "aho-corasick",
 "memchr",
 "regex-syntax",
]

[[package]]
name = "regex-syntax"
version = "0.6.27"
source = "registry+https://github.com/rust-lang/crates.io-index"
checksum = "a3f87b73ce11b1619a3c6332f45341e0047173771e8b8b73f87bfeefb7b56244"

[[package]]
name = "relative-path"
version = "1.8.0"
source = "registry+https://github.com/rust-lang/crates.io-index"
checksum = "4bf2521270932c3c7bed1a59151222bd7643c79310f2916f01925e1e16255698"

[[package]]
name = "ress"
version = "0.9.1"
source = "registry+https://github.com/rust-lang/crates.io-index"
checksum = "0fb1cedc0fd02351568b53be91c4ba2f94beb31ff730bd7df1e54e9b19169b9b"
dependencies = [
 "log",
 "unicode-xid",
]

[[package]]
name = "rquickjs"
version = "0.1.7"
source = "registry+https://github.com/rust-lang/crates.io-index"
checksum = "fc022cc82b5de6f38b2f4ddb8ed9c49cdbd7ce112e650b181598e102157257de"
dependencies = [
 "rquickjs-core",
 "rquickjs-macro",
]

[[package]]
name = "rquickjs-core"
version = "0.1.7"
source = "registry+https://github.com/rust-lang/crates.io-index"
checksum = "74fa1ecc1c84b31da87e5b26ce2b5218d36ffeb5c322141c78b79fa86a6ee3b9"
dependencies = [
 "relative-path",
 "rquickjs-sys",
]

[[package]]
name = "rquickjs-macro"
version = "0.1.7"
source = "registry+https://github.com/rust-lang/crates.io-index"
checksum = "a59ea6b93ccb811b02fefef0eec225d7fed0366b929ebf849afb22013c2953a0"
dependencies = [
 "darling",
 "fnv",
 "ident_case",
 "indexmap 1.9.1",
 "proc-macro-crate",
 "proc-macro-error",
 "proc-macro2",
 "quote",
 "rquickjs-core",
 "syn",
]

[[package]]
name = "rquickjs-sys"
version = "0.1.7"
source = "registry+https://github.com/rust-lang/crates.io-index"
checksum = "24311952af42d8252e399cf48e7d470cb413b1a11a1a5b7fab648cd2edec76c5"
dependencies = [
 "cc",
]

[[package]]
name = "ryu"
version = "1.0.11"
source = "registry+https://github.com/rust-lang/crates.io-index"
checksum = "4501abdff3ae82a1c1b477a17252eb69cee9e66eb915c1abaa4f44d873df9f09"

[[package]]
name = "safemem"
version = "0.3.3"
source = "registry+https://github.com/rust-lang/crates.io-index"
checksum = "ef703b7cb59335eae2eb93ceb664c0eb7ea6bf567079d843e09420219668e072"

[[package]]
name = "same-file"
version = "1.0.6"
source = "registry+https://github.com/rust-lang/crates.io-index"
checksum = "93fc1dc3aaa9bfed95e02e6eadabb4baf7e3078b0bd1b4d7b6b0b68378900502"
dependencies = [
 "winapi-util",
]

[[package]]
name = "serde"
version = "1.0.143"
source = "registry+https://github.com/rust-lang/crates.io-index"
checksum = "53e8e5d5b70924f74ff5c6d64d9a5acd91422117c60f48c4e07855238a254553"
dependencies = [
 "serde_derive",
]

[[package]]
name = "serde_derive"
version = "1.0.143"
source = "registry+https://github.com/rust-lang/crates.io-index"
checksum = "d3d8e8de557aee63c26b85b947f5e59b690d0454c753f3adeb5cd7835ab88391"
dependencies = [
 "proc-macro2",
 "quote",
 "syn",
]

[[package]]
name = "serde_json"
version = "1.0.83"
source = "registry+https://github.com/rust-lang/crates.io-index"
checksum = "38dd04e3c8279e75b31ef29dbdceebfe5ad89f4d0937213c53f7d49d01b3d5a7"
dependencies = [
 "itoa",
 "ryu",
 "serde",
]

[[package]]
name = "sha2"
version = "0.10.6"
source = "registry+https://github.com/rust-lang/crates.io-index"
checksum = "82e6b795fe2e3b1e845bafcb27aa35405c4d47cdfc92af5fc8d3002f76cebdc0"
dependencies = [
 "cfg-if",
 "cpufeatures",
 "digest",
]

[[package]]
name = "slug"
version = "0.1.4"
source = "registry+https://github.com/rust-lang/crates.io-index"
checksum = "b3bc762e6a4b6c6fcaade73e77f9ebc6991b676f88bb2358bddb56560f073373"
dependencies = [
 "deunicode",
]

[[package]]
name = "strsim"
version = "0.10.0"
source = "registry+https://github.com/rust-lang/crates.io-index"
checksum = "73473c0e59e6d5812c5dfe2a064a6444949f089e20eec9a2e5506596494e4623"

[[package]]
name = "syn"
version = "1.0.99"
source = "registry+https://github.com/rust-lang/crates.io-index"
checksum = "58dbef6ec655055e20b86b15a8cc6d439cca19b667537ac6a1369572d151ab13"
dependencies = [
 "proc-macro2",
 "quote",
 "unicode-ident",
]

[[package]]
name = "syntect"
version = "5.0.0"
source = "registry+https://github.com/rust-lang/crates.io-index"
checksum = "c6c454c27d9d7d9a84c7803aaa3c50cd088d2906fe3c6e42da3209aa623576a8"
dependencies = [
 "bincode",
 "bitflags",
 "fancy-regex",
 "flate2",
 "fnv",
 "lazy_static 1.4.0",
 "once_cell",
 "plist",
 "regex-syntax",
 "serde",
 "serde_derive",
 "serde_json",
 "thiserror",
 "walkdir 2.3.3",
 "yaml-rust",
]

[[package]]
name = "thiserror"
version = "1.0.32"
source = "registry+https://github.com/rust-lang/crates.io-index"
checksum = "f5f6586b7f764adc0231f4c79be7b920e766bb2f3e51b3661cdb263828f19994"
dependencies = [
 "thiserror-impl",
]

[[package]]
name = "thiserror-impl"
version = "1.0.32"
source = "registry+https://github.com/rust-lang/crates.io-index"
checksum = "12bafc5b54507e0149cdf1b145a5d80ab80a90bcd9275df43d4fff68460f6c21"
dependencies = [
 "proc-macro2",
 "quote",
 "syn",
]

[[package]]
name = "time"
version = "0.3.13"
source = "registry+https://github.com/rust-lang/crates.io-index"
checksum = "db76ff9fa4b1458b3c7f077f3ff9887394058460d21e634355b273aaf11eea45"
dependencies = [
 "itoa",
 "libc",
 "num_threads",
]

[[package]]
name = "toml_datetime"
version = "0.6.3"
source = "registry+https://github.com/rust-lang/crates.io-index"
checksum = "7cda73e2f1397b1262d6dfdcef8aafae14d1de7748d66822d3bfeeb6d03e5e4b"

[[package]]
name = "toml_edit"
version = "0.19.11"
source = "registry+https://github.com/rust-lang/crates.io-index"
checksum = "266f016b7f039eec8a1a80dfe6156b633d208b9fccca5e4db1d6775b0c4e34a7"
dependencies = [
 "indexmap 2.0.0",
 "toml_datetime",
 "winnow",
]

[[package]]
name = "tracing"
version = "0.1.37"
source = "registry+https://github.com/rust-lang/crates.io-index"
checksum = "8ce8c33a8d48bd45d624a6e523445fd21ec13d3653cd51f681abf67418f54eb8"
dependencies = [
 "cfg-if",
 "pin-project-lite",
 "tracing-attributes",
 "tracing-core",
]

[[package]]
name = "tracing-attributes"
version = "0.1.23"
source = "registry+https://github.com/rust-lang/crates.io-index"
checksum = "4017f8f45139870ca7e672686113917c71c7a6e02d4924eda67186083c03081a"
dependencies = [
 "proc-macro2",
 "quote",
 "syn",
]

[[package]]
name = "tracing-core"
version = "0.1.31"
source = "registry+https://github.com/rust-lang/crates.io-index"
checksum = "0955b8137a1df6f1a2e9a37d8a6656291ff0297c1a97c24e0d8425fe2312f79a"
dependencies = [
 "once_cell",
]

[[package]]
name = "typed-arena"
version = "2.0.2"
source = "registry+https://github.com/rust-lang/crates.io-index"
checksum = "6af6ae20167a9ece4bcb41af5b80f8a1f1df981f6391189ce00fd257af04126a"

[[package]]
name = "typenum"
version = "1.15.0"
source = "registry+https://github.com/rust-lang/crates.io-index"
checksum = "dcf81ac59edc17cc8697ff311e8f5ef2d99fcbd9817b34cec66f90b6c3dfd987"

[[package]]
name = "unicode-ident"
version = "1.0.3"
source = "registry+https://github.com/rust-lang/crates.io-index"
checksum = "c4f5b37a154999a8f3f98cc23a628d850e154479cd94decf3414696e12e31aaf"

[[package]]
name = "unicode-segmentation"
version = "1.10.1"
source = "registry+https://github.com/rust-lang/crates.io-index"
checksum = "1dd624098567895118886609431a7c3b8f516e41d30e0643f03d94592a147e36"

[[package]]
name = "unicode-xid"
version = "0.2.4"
source = "registry+https://github.com/rust-lang/crates.io-index"
checksum = "f962df74c8c05a667b5ee8bcf162993134c104e96440b663c8daa176dc772d8c"

[[package]]
name = "unicode_categories"
version = "0.1.1"
source = "registry+https://github.com/rust-lang/crates.io-index"
checksum = "39ec24b3121d976906ece63c9daad25b85969647682eee313cb5779fdd69e14e"

[[package]]
name = "version_check"
version = "0.9.4"
source = "registry+https://github.com/rust-lang/crates.io-index"
checksum = "49874b5167b65d7193b8aba1567f5c7d93d001cafc34600cee003eda787e483f"

[[package]]
name = "walkdir"
version = "0.1.8"
source = "registry+https://github.com/rust-lang/crates.io-index"
checksum = "c66c0b9792f0a765345452775f3adbd28dde9d33f30d13e5dcc5ae17cf6f3780"
dependencies = [
 "kernel32-sys",
 "winapi 0.2.8",
]

[[package]]
name = "walkdir"
version = "2.3.3"
source = "registry+https://github.com/rust-lang/crates.io-index"
checksum = "36df944cda56c7d8d8b7496af378e6b16de9284591917d307c9b4d313c44e698"
dependencies = [
 "same-file",
 "winapi-util",
]

[[package]]
name = "wasi"
version = "0.11.0+wasi-snapshot-preview1"
source = "registry+https://github.com/rust-lang/crates.io-index"
checksum = "9c8d87e72b64a3b4db28d11ce29237c246188f4f51057d65a7eab63b7987e423"

[[package]]
name = "winapi"
version = "0.2.8"
source = "registry+https://github.com/rust-lang/crates.io-index"
checksum = "167dc9d6949a9b857f3451275e911c3f44255842c1f7a76f33c55103a909087a"

[[package]]
name = "winapi"
version = "0.3.9"
source = "registry+https://github.com/rust-lang/crates.io-index"
checksum = "5c839a674fcd7a98952e593242ea400abe93992746761e38641405d28b00f419"
dependencies = [
 "winapi-i686-pc-windows-gnu",
 "winapi-x86_64-pc-windows-gnu",
]

[[package]]
name = "winapi-build"
version = "0.1.1"
source = "registry+https://github.com/rust-lang/crates.io-index"
checksum = "2d315eee3b34aca4797b2da6b13ed88266e6d612562a0c46390af8299fc699bc"

[[package]]
name = "winapi-i686-pc-windows-gnu"
version = "0.4.0"
source = "registry+https://github.com/rust-lang/crates.io-index"
checksum = "ac3b87c63620426dd9b991e5ce0329eff545bccbbb34f3be09ff6fb6ab51b7b6"

[[package]]
name = "winapi-util"
version = "0.1.5"
source = "registry+https://github.com/rust-lang/crates.io-index"
checksum = "70ec6ce85bb158151cae5e5c87f95a8e97d2c0c4b001223f33a334e3ce5de178"
dependencies = [
 "winapi 0.3.9",
]

[[package]]
name = "winapi-x86_64-pc-windows-gnu"
version = "0.4.0"
source = "registry+https://github.com/rust-lang/crates.io-index"
checksum = "712e227841d057c1ee1cd2fb22fa7e5a5461ae8e48fa2ca79ec42cfc1931183f"

[[package]]
name = "winnow"
version = "0.4.7"
source = "registry+https://github.com/rust-lang/crates.io-index"
checksum = "ca0ace3845f0d96209f0375e6d367e3eb87eb65d27d445bdc9f1843a26f39448"
dependencies = [
 "memchr",
]

[[package]]
name = "xml-rs"
version = "0.8.4"
source = "registry+https://github.com/rust-lang/crates.io-index"
checksum = "d2d7d3948613f75c98fd9328cfdcc45acc4d360655289d0a7d4ec931392200a3"

[[package]]
name = "yaml-rust"
version = "0.4.5"
source = "registry+https://github.com/rust-lang/crates.io-index"
checksum = "56c1936c4cc7a1c9ab21a1ebb602eb942ba868cbd44a99cb7cdc5892335e1c85"
dependencies = [
 "linked-hash-map",
]
