# This file is automatically @generated by Cargo.
# It is not intended for manual editing.
[[package]]
name = "anyhow"
version = "1.0.33"
source = "registry+https://github.com/rust-lang/crates.io-index"
checksum = "a1fd36ffbb1fb7c834eac128ea8d0e310c5aeb635548f9d58861e1308d46e71c"

[[package]]
name = "atty"
version = "0.2.14"
source = "registry+https://github.com/rust-lang/crates.io-index"
checksum = "d9b39be18770d11421cdb1b9947a45dd3f37e93092cbf377614828a319d5fee8"
dependencies = [
 "hermit-abi",
 "libc",
 "winapi",
]

[[package]]
name = "colored"
version = "2.0.0"
source = "registry+https://github.com/rust-lang/crates.io-index"
checksum = "b3616f750b84d8f0de8a58bda93e08e2a81ad3f523089b05f1dffecab48c6cbd"
dependencies = [
 "atty",
 "lazy_static",
 "winapi",
]

[[package]]
name = "fbt"
version = "0.1.0"
dependencies = [
 "colored",
 "fbt_lib",
]

[[package]]
name = "fbt_lib"
version = "0.1.0"
dependencies = [
 "anyhow",
 "colored",
 "serde",
 "toml",
 "vec1",
]

[[package]]
name = "hermit-abi"
version = "0.1.17"
source = "registry+https://github.com/rust-lang/crates.io-index"
checksum = "5aca5565f760fb5b220e499d72710ed156fdb74e631659e99377d9ebfbd13ae8"
dependencies = [
 "libc",
]

[[package]]
name = "lazy_static"
version = "1.4.0"
source = "registry+https://github.com/rust-lang/crates.io-index"
checksum = "e2abad23fbc42b3700f2f279844dc832adb2b2eb069b2df918f455c4e18cc646"

[[package]]
name = "libc"
version = "0.2.80"
source = "registry+https://github.com/rust-lang/crates.io-index"
checksum = "4d58d1b70b004888f764dfbf6a26a3b0342a1632d33968e4a179d8011c760614"

[[package]]
name = "proc-macro2"
version = "1.0.24"
source = "registry+https://github.com/rust-lang/crates.io-index"
checksum = "1e0704ee1a7e00d7bb417d0770ea303c1bccbabf0ef1667dae92b5967f5f8a71"
dependencies = [
 "unicode-xid",
]

[[package]]
name = "quote"
version = "1.0.7"
source = "registry+https://github.com/rust-lang/crates.io-index"
checksum = "aa563d17ecb180e500da1cfd2b028310ac758de548efdd203e18f283af693f37"
dependencies = [
 "proc-macro2",
]

[[package]]
name = "serde"
version = "1.0.117"
source = "registry+https://github.com/rust-lang/crates.io-index"
checksum = "b88fa983de7720629c9387e9f517353ed404164b1e482c970a90c1a4aaf7dc1a"
dependencies = [
 "serde_derive",
]

[[package]]
name = "serde_derive"
version = "1.0.117"
source = "registry+https://github.com/rust-lang/crates.io-index"
checksum = "cbd1ae72adb44aab48f325a02444a5fc079349a8d804c1fc922aed3f7454c74e"
dependencies = [
 "proc-macro2",
 "quote",
 "syn",
]

[[package]]
name = "syn"
version = "1.0.45"
source = "registry+https://github.com/rust-lang/crates.io-index"
checksum = "ea9c5432ff16d6152371f808fb5a871cd67368171b09bb21b43df8e4a47a3556"
dependencies = [
 "proc-macro2",
 "quote",
 "unicode-xid",
]

[[package]]
name = "toml"
version = "0.5.7"
source = "registry+https://github.com/rust-lang/crates.io-index"
checksum = "75cf45bb0bef80604d001caaec0d09da99611b3c0fd39d3080468875cdb65645"
dependencies = [
 "serde",
]

[[package]]
name = "unicode-xid"
version = "0.2.1"
source = "registry+https://github.com/rust-lang/crates.io-index"
checksum = "f7fe0bb3479651439c9112f72b6c505038574c9fbb575ed1bf3b797fa39dd564"

[[package]]
name = "vec1"
version = "1.6.0"
source = "registry+https://github.com/rust-lang/crates.io-index"
checksum = "f2fffd117bafd8d50c625cce64efde70f416ce6d38f78104035a0913cf15fe97"

[[package]]
name = "winapi"
version = "0.3.9"
source = "registry+https://github.com/rust-lang/crates.io-index"
checksum = "5c839a674fcd7a98952e593242ea400abe93992746761e38641405d28b00f419"
dependencies = [
 "winapi-i686-pc-windows-gnu",
 "winapi-x86_64-pc-windows-gnu",
]

[[package]]
name = "winapi-i686-pc-windows-gnu"
version = "0.4.0"
source = "registry+https://github.com/rust-lang/crates.io-index"
checksum = "ac3b87c63620426dd9b991e5ce0329eff545bccbbb34f3be09ff6fb6ab51b7b6"

[[package]]
name = "winapi-x86_64-pc-windows-gnu"
version = "0.4.0"
source = "registry+https://github.com/rust-lang/crates.io-index"
checksum = "712e227841d057c1ee1cd2fb22fa7e5a5461ae8e48fa2ca79ec42cfc1931183f"
